
Microsoft Visual Studio Solution File, Format Version 12.00
# Visual Studio 15
VisualStudioVersion = 15.0.27703.2026
MinimumVisualStudioVersion = 10.0.40219.1
Project("{FAE04EC0-301F-11D3-BF4B-00C04F79EFBC}") = "ArabicToRomanConverter", "Task1\ArabicToRomanConverter.csproj", "{5C93E57C-50DE-4EF2-9F67-93C37DA3FD1E}"
EndProject
Project("{FAE04EC0-301F-11D3-BF4B-00C04F79EFBC}") = "RationalNumberHandler", "Task2\RationalNumberHandler.csproj", "{F36E8033-2DEC-4E77-9EDD-E84FF96F82F5}"
EndProject
Project("{FAE04EC0-301F-11D3-BF4B-00C04F79EFBC}") = "RestaurantSimulation", "RestaurantSimulation\RestaurantSimulation.csproj", "{4126E8FA-299C-4EF8-AEB8-034E6FA5DEE4}"
EndProject
Project("{FAE04EC0-301F-11D3-BF4B-00C04F79EFBC}") = "TimeSlotEnumerator", "TimeSlotEnumerator\TimeSlotEnumerator.csproj", "{4F1516E0-7A37-4A50-85D4-A4D7C7FC295E}"
EndProject
Project("{FAE04EC0-301F-11D3-BF4B-00C04F79EFBC}") = "TreeImplementation", "TreeImplementation\TreeImplementation.csproj", "{FA3638AB-8AC7-48D4-BD91-47617563776D}"
EndProject
Global
	GlobalSection(SolutionConfigurationPlatforms) = preSolution
		Debug|Any CPU = Debug|Any CPU
		Release|Any CPU = Release|Any CPU
	EndGlobalSection
	GlobalSection(ProjectConfigurationPlatforms) = postSolution
		{5C93E57C-50DE-4EF2-9F67-93C37DA3FD1E}.Debug|Any CPU.ActiveCfg = Debug|Any CPU
		{5C93E57C-50DE-4EF2-9F67-93C37DA3FD1E}.Debug|Any CPU.Build.0 = Debug|Any CPU
		{5C93E57C-50DE-4EF2-9F67-93C37DA3FD1E}.Release|Any CPU.ActiveCfg = Release|Any CPU
		{5C93E57C-50DE-4EF2-9F67-93C37DA3FD1E}.Release|Any CPU.Build.0 = Release|Any CPU
		{F36E8033-2DEC-4E77-9EDD-E84FF96F82F5}.Debug|Any CPU.ActiveCfg = Debug|Any CPU
		{F36E8033-2DEC-4E77-9EDD-E84FF96F82F5}.Debug|Any CPU.Build.0 = Debug|Any CPU
		{F36E8033-2DEC-4E77-9EDD-E84FF96F82F5}.Release|Any CPU.ActiveCfg = Release|Any CPU
		{F36E8033-2DEC-4E77-9EDD-E84FF96F82F5}.Release|Any CPU.Build.0 = Release|Any CPU
		{4126E8FA-299C-4EF8-AEB8-034E6FA5DEE4}.Debug|Any CPU.ActiveCfg = Debug|Any CPU
		{4126E8FA-299C-4EF8-AEB8-034E6FA5DEE4}.Debug|Any CPU.Build.0 = Debug|Any CPU
		{4126E8FA-299C-4EF8-AEB8-034E6FA5DEE4}.Release|Any CPU.ActiveCfg = Release|Any CPU
		{4126E8FA-299C-4EF8-AEB8-034E6FA5DEE4}.Release|Any CPU.Build.0 = Release|Any CPU
		{4F1516E0-7A37-4A50-85D4-A4D7C7FC295E}.Debug|Any CPU.ActiveCfg = Debug|Any CPU
		{4F1516E0-7A37-4A50-85D4-A4D7C7FC295E}.Debug|Any CPU.Build.0 = Debug|Any CPU
		{4F1516E0-7A37-4A50-85D4-A4D7C7FC295E}.Release|Any CPU.ActiveCfg = Release|Any CPU
		{4F1516E0-7A37-4A50-85D4-A4D7C7FC295E}.Release|Any CPU.Build.0 = Release|Any CPU
		{FA3638AB-8AC7-48D4-BD91-47617563776D}.Debug|Any CPU.ActiveCfg = Debug|Any CPU
		{FA3638AB-8AC7-48D4-BD91-47617563776D}.Debug|Any CPU.Build.0 = Debug|Any CPU
		{FA3638AB-8AC7-48D4-BD91-47617563776D}.Release|Any CPU.ActiveCfg = Release|Any CPU
		{FA3638AB-8AC7-48D4-BD91-47617563776D}.Release|Any CPU.Build.0 = Release|Any CPU
	EndGlobalSection
	GlobalSection(SolutionProperties) = preSolution
		HideSolutionNode = FALSE
	EndGlobalSection
	GlobalSection(ExtensibilityGlobals) = postSolution
		SolutionGuid = {46DFCBB7-108A-4BA7-8AD8-E54E599CC5D9}
	EndGlobalSection
EndGlobal
